# Block Tags for Pug Sublime Syntax

  block_tags:
    - match: '{{block_tags}}'
      scope: entity.name.tag.pug
      push:
        - meta_scope: meta.tag.pug
        - include: class_literals
        - include: id_literals
        - include: tag_attribute_parens
        - match: ''
          pop: true